
Microsoft Visual Studio Solution File, Format Version 12.00
# Visual Studio Version 17
VisualStudioVersion = 17.7.34018.315
MinimumVisualStudioVersion = 10.0.40219.1
Project("{FAE04EC0-301F-11D3-BF4B-00C04F79EFBC}") = "ÖvningIfElse", "ÖvningIfElse\ÖvningIfElse.csproj", "{7ACA29FD-B0E3-4DF0-9597-90569A3C404A}"
EndProject
Global
	GlobalSection(SolutionConfigurationPlatforms) = preSolution
		Debug|Any CPU = Debug|Any CPU
		Release|Any CPU = Release|Any CPU
	EndGlobalSection
	GlobalSection(ProjectConfigurationPlatforms) = postSolution
		{7ACA29FD-B0E3-4DF0-9597-90569A3C404A}.Debug|Any CPU.ActiveCfg = Debug|Any CPU
		{7ACA29FD-B0E3-4DF0-9597-90569A3C404A}.Debug|Any CPU.Build.0 = Debug|Any CPU
		{7ACA29FD-B0E3-4DF0-9597-90569A3C404A}.Release|Any CPU.ActiveCfg = Release|Any CPU
		{7ACA29FD-B0E3-4DF0-9597-90569A3C404A}.Release|Any CPU.Build.0 = Release|Any CPU
	EndGlobalSection
	GlobalSection(SolutionProperties) = preSolution
		HideSolutionNode = FALSE
	EndGlobalSection
	GlobalSection(ExtensibilityGlobals) = postSolution
		SolutionGuid = {103463A3-1FD8-41F2-956A-8921F673AD61}
	EndGlobalSection
EndGlobal
